
Microsoft Visual Studio Solution File, Format Version 12.00
# Visual Studio Version 17
VisualStudioVersion = 17.7.34202.233
MinimumVisualStudioVersion = 10.0.40219.1
Project("{9A19103F-16F7-4668-BE54-9A1E7A4F7556}") = "Entities", "Entities\Entities.csproj", "{FE279C25-13D4-4558-86AE-8B6E730A6DF1}"
EndProject
Project("{9A19103F-16F7-4668-BE54-9A1E7A4F7556}") = "DAL", "DAL\DAL.csproj", "{7B279E09-1262-49B6-B198-F0A1405FF5CD}"
EndProject
Project("{9A19103F-16F7-4668-BE54-9A1E7A4F7556}") = "Backend", "Backend\Backend.csproj", "{05519E92-F4EA-4BA1-9323-3C878FD53504}"
	ProjectSection(ProjectDependencies) = postProject
		{7B279E09-1262-49B6-B198-F0A1405FF5CD} = {7B279E09-1262-49B6-B198-F0A1405FF5CD}
	EndProjectSection
EndProject
Project("{9A19103F-16F7-4668-BE54-9A1E7A4F7556}") = "Frontend", "Frontend\Frontend.csproj", "{710CCFDB-AA91-4E1F-96E6-4DF54257458F}"
EndProject
Global
	GlobalSection(SolutionConfigurationPlatforms) = preSolution
		Debug|Any CPU = Debug|Any CPU
		Release|Any CPU = Release|Any CPU
	EndGlobalSection
	GlobalSection(ProjectConfigurationPlatforms) = postSolution
		{FE279C25-13D4-4558-86AE-8B6E730A6DF1}.Debug|Any CPU.ActiveCfg = Debug|Any CPU
		{FE279C25-13D4-4558-86AE-8B6E730A6DF1}.Debug|Any CPU.Build.0 = Debug|Any CPU
		{FE279C25-13D4-4558-86AE-8B6E730A6DF1}.Release|Any CPU.ActiveCfg = Release|Any CPU
		{FE279C25-13D4-4558-86AE-8B6E730A6DF1}.Release|Any CPU.Build.0 = Release|Any CPU
		{7B279E09-1262-49B6-B198-F0A1405FF5CD}.Debug|Any CPU.ActiveCfg = Debug|Any CPU
		{7B279E09-1262-49B6-B198-F0A1405FF5CD}.Debug|Any CPU.Build.0 = Debug|Any CPU
		{7B279E09-1262-49B6-B198-F0A1405FF5CD}.Release|Any CPU.ActiveCfg = Release|Any CPU
		{7B279E09-1262-49B6-B198-F0A1405FF5CD}.Release|Any CPU.Build.0 = Release|Any CPU
		{05519E92-F4EA-4BA1-9323-3C878FD53504}.Debug|Any CPU.ActiveCfg = Debug|Any CPU
		{05519E92-F4EA-4BA1-9323-3C878FD53504}.Debug|Any CPU.Build.0 = Debug|Any CPU
		{05519E92-F4EA-4BA1-9323-3C878FD53504}.Release|Any CPU.ActiveCfg = Release|Any CPU
		{05519E92-F4EA-4BA1-9323-3C878FD53504}.Release|Any CPU.Build.0 = Release|Any CPU
		{710CCFDB-AA91-4E1F-96E6-4DF54257458F}.Debug|Any CPU.ActiveCfg = Debug|Any CPU
		{710CCFDB-AA91-4E1F-96E6-4DF54257458F}.Debug|Any CPU.Build.0 = Debug|Any CPU
		{710CCFDB-AA91-4E1F-96E6-4DF54257458F}.Release|Any CPU.ActiveCfg = Release|Any CPU
		{710CCFDB-AA91-4E1F-96E6-4DF54257458F}.Release|Any CPU.Build.0 = Release|Any CPU
	EndGlobalSection
	GlobalSection(SolutionProperties) = preSolution
		HideSolutionNode = FALSE
	EndGlobalSection
	GlobalSection(ExtensibilityGlobals) = postSolution
		SolutionGuid = {962200B1-71DE-47BB-B6E4-AAAEE68C4C08}
	EndGlobalSection
EndGlobal
